<Solution>
  <Folder Name="/Solution Items/">
    <File Path=".editorconfig" />
    <File Path=".gitignore" />
    <File Path="LICENSE" />
    <File Path="README.md" />
  </Folder>
  <Project Path="Itenium.Forge.Settings.Tests/Itenium.Forge.Settings.Tests.csproj" />
  <Project Path="Itenium.Forge.Settings/Itenium.Forge.Settings.csproj" />
</Solution>
